
Microsoft Visual Studio Solution File, Format Version 12.00
# Visual Studio Version 17
VisualStudioVersion = 17.11.35222.181
MinimumVisualStudioVersion = 10.0.40219.1
Project("{9A19103F-16F7-4668-BE54-9A1E7A4F7556}") = "Calculator", "Calculator\Calculator.csproj", "{D42508D6-7EB9-471D-BC0F-E095A0998EB0}"
EndProject
Project("{9A19103F-16F7-4668-BE54-9A1E7A4F7556}") = "Calculator.Tests", "Calculator.Tests\Calculator.Tests.csproj", "{E36E77C6-538F-4302-B707-006E6FB519B3}"
EndProject
Global
	GlobalSection(SolutionConfigurationPlatforms) = preSolution
		Debug|Any CPU = Debug|Any CPU
		Release|Any CPU = Release|Any CPU
	EndGlobalSection
	GlobalSection(ProjectConfigurationPlatforms) = postSolution
		{D42508D6-7EB9-471D-BC0F-E095A0998EB0}.Debug|Any CPU.ActiveCfg = Debug|Any CPU
		{D42508D6-7EB9-471D-BC0F-E095A0998EB0}.Debug|Any CPU.Build.0 = Debug|Any CPU
		{D42508D6-7EB9-471D-BC0F-E095A0998EB0}.Release|Any CPU.ActiveCfg = Release|Any CPU
		{D42508D6-7EB9-471D-BC0F-E095A0998EB0}.Release|Any CPU.Build.0 = Release|Any CPU
		{E36E77C6-538F-4302-B707-006E6FB519B3}.Debug|Any CPU.ActiveCfg = Debug|Any CPU
		{E36E77C6-538F-4302-B707-006E6FB519B3}.Debug|Any CPU.Build.0 = Debug|Any CPU
		{E36E77C6-538F-4302-B707-006E6FB519B3}.Release|Any CPU.ActiveCfg = Release|Any CPU
		{E36E77C6-538F-4302-B707-006E6FB519B3}.Release|Any CPU.Build.0 = Release|Any CPU
	EndGlobalSection
	GlobalSection(SolutionProperties) = preSolution
		HideSolutionNode = FALSE
	EndGlobalSection
	GlobalSection(ExtensibilityGlobals) = postSolution
		SolutionGuid = {53D4B51B-AA05-48FA-BDCB-93F454E751F2}
	EndGlobalSection
EndGlobal
