
Microsoft Visual Studio Solution File, Format Version 12.00
# Visual Studio Version 17
VisualStudioVersion = 17.11.35222.181
MinimumVisualStudioVersion = 10.0.40219.1
Project("{FAE04EC0-301F-11D3-BF4B-00C04F79EFBC}") = "Calculator.Tests", "Calculator.Tests.csproj", "{07700D3B-B35E-488A-8F68-B53E30360AA1}"
EndProject
Global
	GlobalSection(SolutionConfigurationPlatforms) = preSolution
		Debug|Any CPU = Debug|Any CPU
		Release|Any CPU = Release|Any CPU
	EndGlobalSection
	GlobalSection(ProjectConfigurationPlatforms) = postSolution
		{07700D3B-B35E-488A-8F68-B53E30360AA1}.Debug|Any CPU.ActiveCfg = Debug|Any CPU
		{07700D3B-B35E-488A-8F68-B53E30360AA1}.Debug|Any CPU.Build.0 = Debug|Any CPU
		{07700D3B-B35E-488A-8F68-B53E30360AA1}.Release|Any CPU.ActiveCfg = Release|Any CPU
		{07700D3B-B35E-488A-8F68-B53E30360AA1}.Release|Any CPU.Build.0 = Release|Any CPU
	EndGlobalSection
	GlobalSection(SolutionProperties) = preSolution
		HideSolutionNode = FALSE
	EndGlobalSection
	GlobalSection(ExtensibilityGlobals) = postSolution
		SolutionGuid = {C0B14DF1-8655-423C-8688-BA15FD6A8D17}
	EndGlobalSection
EndGlobal
